{
  "lib/forge-std": {
    "rev": "8bbcf6e3f8f62f419e5429a0bd89331c85c37824"
  },
  "lib/openzeppelin-contracts": {
    "rev": "dbb6104ce834628e473d2173bbc9d47f81a9eec3"
  },
  "lib/openzeppelin-contracts-upgradeable": {
    "rev": "723f8cab09cdae1aca9ec9cc1cfa040c2d4b06c1"
  },
  "lib/wrapped-token": {
    "rev": "1d19654d4913660279f50ef14079fb59508b0ab4"
  }
}